
Microsoft Visual Studio Solution File, Format Version 11.00
# Visual Studio 2010
Project("{8BC9CEB8-8B4A-11D0-8D11-00A0C91BC942}") = "CGsp", "CGsp\CGsp.vcxproj", "{C6115802-43E8-47E6-B7A9-637DF06F9089}"
EndProject
Project("{8BC9CEB8-8B4A-11D0-8D11-00A0C91BC942}") = "Rendrer", "Rendrer\Rendrer.vcxproj", "{933A762D-23C7-4A46-91D1-E5E074183D66}"
EndProject
Global
	GlobalSection(SolutionConfigurationPlatforms) = preSolution
		Debug|Win32 = Debug|Win32
		DllDebug|Win32 = DllDebug|Win32
		DllRelease|Win32 = DllRelease|Win32
		Release|Win32 = Release|Win32
	EndGlobalSection
	GlobalSection(ProjectConfigurationPlatforms) = postSolution
		{C6115802-43E8-47E6-B7A9-637DF06F9089}.Debug|Win32.ActiveCfg = Debug|Win32
		{C6115802-43E8-47E6-B7A9-637DF06F9089}.Debug|Win32.Build.0 = Debug|Win32
		{C6115802-43E8-47E6-B7A9-637DF06F9089}.DllDebug|Win32.ActiveCfg = DllDebug|Win32
		{C6115802-43E8-47E6-B7A9-637DF06F9089}.DllDebug|Win32.Build.0 = DllDebug|Win32
		{C6115802-43E8-47E6-B7A9-637DF06F9089}.DllRelease|Win32.ActiveCfg = DllRelease|Win32
		{C6115802-43E8-47E6-B7A9-637DF06F9089}.DllRelease|Win32.Build.0 = DllRelease|Win32
		{C6115802-43E8-47E6-B7A9-637DF06F9089}.Release|Win32.ActiveCfg = Release|Win32
		{C6115802-43E8-47E6-B7A9-637DF06F9089}.Release|Win32.Build.0 = Release|Win32
		{933A762D-23C7-4A46-91D1-E5E074183D66}.Debug|Win32.ActiveCfg = Debug|Win32
		{933A762D-23C7-4A46-91D1-E5E074183D66}.Debug|Win32.Build.0 = Debug|Win32
		{933A762D-23C7-4A46-91D1-E5E074183D66}.DllDebug|Win32.ActiveCfg = DllDebug|Win32
		{933A762D-23C7-4A46-91D1-E5E074183D66}.DllDebug|Win32.Build.0 = DllDebug|Win32
		{933A762D-23C7-4A46-91D1-E5E074183D66}.DllRelease|Win32.ActiveCfg = DllRelease|Win32
		{933A762D-23C7-4A46-91D1-E5E074183D66}.DllRelease|Win32.Build.0 = DllRelease|Win32
		{933A762D-23C7-4A46-91D1-E5E074183D66}.Release|Win32.ActiveCfg = Release|Win32
		{933A762D-23C7-4A46-91D1-E5E074183D66}.Release|Win32.Build.0 = Release|Win32
	EndGlobalSection
	GlobalSection(SolutionProperties) = preSolution
		HideSolutionNode = FALSE
	EndGlobalSection
EndGlobal
